Microsoft Visual Studio Solution File, Format Version 12.00
# Visual Studio Version 17
VisualStudioVersion = 17.13.35913.81
MinimumVisualStudioVersion = 10.0.40219.1
Project("{FAE04EC0-301F-11D3-BF4B-00C04F79EFBC}") = "AssignmentC#02", "AssignmentC#02\AssignmentC#02.csproj", "{261799BE-26D1-4F7F-A57A-9AF4B600927D}"
EndProject
Global
	GlobalSection(SolutionConfigurationPlatforms) = preSolution
		Debug|Any CPU = Debug|Any CPU
		Release|Any CPU = Release|Any CPU
	EndGlobalSection
	GlobalSection(ProjectConfigurationPlatforms) = postSolution
		{261799BE-26D1-4F7F-A57A-9AF4B600927D}.Debug|Any CPU.ActiveCfg = Debug|Any CPU
		{261799BE-26D1-4F7F-A57A-9AF4B600927D}.Debug|Any CPU.Build.0 = Debug|Any CPU
		{261799BE-26D1-4F7F-A57A-9AF4B600927D}.Release|Any CPU.ActiveCfg = Release|Any CPU
		{261799BE-26D1-4F7F-A57A-9AF4B600927D}.Release|Any CPU.Build.0 = Release|Any CPU
	EndGlobalSection
	GlobalSection(SolutionProperties) = preSolution
		HideSolutionNode = FALSE
	EndGlobalSection
	GlobalSection(ExtensibilityGlobals) = postSolution
		SolutionGuid = {6E7E5A87-7CC6-42D6-8A57-9BE993CF89CA}
	EndGlobalSection
EndGlobal
